# This file is autogenerated, do not edit; changes may be undone by the next 'dep ensure'.


[[projects]]
  branch = "master"
  digest = "1:777d44d34757b899783d464ddd51bdca7ee196f9e77a6afcb5085cfe34202850"
  name = "github.com/bitrise-io/go-utils"
  packages = [
    "fileutil",
    "pathutil",
  ]
  pruneopts = "UT"
  revision = "0c47c16813a4209321c9d0dba2e75867d6901ff2"

[solve-meta]
  analyzer-name = "dep"
  analyzer-version = 1
  input-imports = ["github.com/bitrise-io/go-utils/fileutil"]
  solver-name = "gps-cdcl"
  solver-version = 1
